
Microsoft Visual Studio Solution File, Format Version 12.00
# Visual Studio Version 17
VisualStudioVersion = 17.1.32414.318
MinimumVisualStudioVersion = 10.0.40219.1
Project("{FAE04EC0-301F-11D3-BF4B-00C04F79EFBC}") = "Encoder", "Encoder\Encoder.csproj", "{66057B56-6A32-44B5-B444-BA1FFD96F92E}"
EndProject
Global
	GlobalSection(SolutionConfigurationPlatforms) = preSolution
		Debug|Any CPU = Debug|Any CPU
		Release|Any CPU = Release|Any CPU
	EndGlobalSection
	GlobalSection(ProjectConfigurationPlatforms) = postSolution
		{66057B56-6A32-44B5-B444-BA1FFD96F92E}.Debug|Any CPU.ActiveCfg = Debug|Any CPU
		{66057B56-6A32-44B5-B444-BA1FFD96F92E}.Debug|Any CPU.Build.0 = Debug|Any CPU
		{66057B56-6A32-44B5-B444-BA1FFD96F92E}.Release|Any CPU.ActiveCfg = Release|Any CPU
		{66057B56-6A32-44B5-B444-BA1FFD96F92E}.Release|Any CPU.Build.0 = Release|Any CPU
	EndGlobalSection
	GlobalSection(SolutionProperties) = preSolution
		HideSolutionNode = FALSE
	EndGlobalSection
	GlobalSection(ExtensibilityGlobals) = postSolution
		SolutionGuid = {2884CA4F-AAD6-47D2-B845-1E44D949216F}
	EndGlobalSection
EndGlobal
